// !$*UTF8*$!
{
	archiveVersion = 1;
	classes = {
	};
	objectVersion = 51;
	objects = {

/* Begin PBXBuildFile section */
		721C5DCCC0416C8B7045DD35 /* Pods_FlixUITests.framework in Frameworks */ = {isa = PBXBuildFile; fileRef = 78F8D9136D14E7FBAEE98064 /* Pods_FlixUITests.framework */; };
		73C965654B95EEF3A7622D9A /* Pods_Flix.framework in Frameworks */ = {isa = PBXBuildFile; fileRef = 463B1712AA83B92E88023274 /* Pods_Flix.framework */; };
		E1112CD124FDC78400F8CB1E /* AppDelegate.swift in Sources */ = {isa = PBXBuildFile; fileRef = E1112CD024FDC78400F8CB1E /* AppDelegate.swift */; };
		E1112CD324FDC78400F8CB1E /* SceneDelegate.swift in Sources */ = {isa = PBXBuildFile; fileRef = E1112CD224FDC78400F8CB1E /* SceneDelegate.swift */; };
		E1112CD824FDC78400F8CB1E /* Main.storyboard in Resources */ = {isa = PBXBuildFile; fileRef = E1112CD624FDC78400F8CB1E /* Main.storyboard */; };
		E1112CDA24FDC78A00F8CB1E /* Assets.xcassets in Resources */ = {isa = PBXBuildFile; fileRef = E1112CD924FDC78A00F8CB1E /* Assets.xcassets */; };
		E1112CDD24FDC78A00F8CB1E /* LaunchScreen.storyboard in Resources */ = {isa = PBXBuildFile; fileRef = E1112CDB24FDC78A00F8CB1E /* LaunchScreen.storyboard */; };
		E1112CE824FDC78A00F8CB1E /* FlixTests.swift in Sources */ = {isa = PBXBuildFile; fileRef = E1112CE724FDC78A00F8CB1E /* FlixTests.swift */; };
		E1112CF324FDC78A00F8CB1E /* FlixUITests.swift in Sources */ = {isa = PBXBuildFile; fileRef = E1112CF224FDC78A00F8CB1E /* FlixUITests.swift */; };
		E1112D0124FDC9BF00F8CB1E /* MoviesViewController.swift in Sources */ = {isa = PBXBuildFile; fileRef = E1112D0024FDC9BF00F8CB1E /* MoviesViewController.swift */; };
		E1112D0324FDE02100F8CB1E /* MovieCell.swift in Sources */ = {isa = PBXBuildFile; fileRef = E1112D0224FDE02100F8CB1E /* MovieCell.swift */; };
		E14B92FB2507196100CB1CEE /* MovieDetailsViewController.swift in Sources */ = {isa = PBXBuildFile; fileRef = E14B92FA2507196100CB1CEE /* MovieDetailsViewController.swift */; };
		E14B92FD2509A04300CB1CEE /* MovieGridViewController.swift in Sources */ = {isa = PBXBuildFile; fileRef = E14B92FC2509A04200CB1CEE /* MovieGridViewController.swift */; };
		E14B92FF2509AE2F00CB1CEE /* MovieGridCell.swift in Sources */ = {isa = PBXBuildFile; fileRef = E14B92FE2509AE2F00CB1CEE /* MovieGridCell.swift */; };
		F7C57561452050E9E2BB9500 /* Pods_FlixTests.framework in Frameworks */ = {isa = PBXBuildFile; fileRef = 2A8694C274C9DB3BC4E7D46D /* Pods_FlixTests.framework */; };
/* End PBXBuildFile section */

/* Begin PBXContainerItemProxy section */
		E1112CE424FDC78A00F8CB1E /* PBXContainerItemProxy */ = {
			isa = PBXContainerItemProxy;
			containerPortal = E1112CC524FDC78400F8CB1E /* Project object */;
			proxyType = 1;
			remoteGlobalIDString = E1112CCC24FDC78400F8CB1E;
			remoteInfo = Flix;
		};
		E1112CEF24FDC78A00F8CB1E /* PBXContainerItemProxy */ = {
			isa = PBXContainerItemProxy;
			containerPortal = E1112CC524FDC78400F8CB1E /* Project object */;
			proxyType = 1;
			remoteGlobalIDString = E1112CCC24FDC78400F8CB1E;
			remoteInfo = Flix;
		};
/* End PBXContainerItemProxy section */

/* Begin PBXFileReference section */
		2A8694C274C9DB3BC4E7D46D /* Pods_FlixTests.framework */ = {isa = PBXFileReference; explicitFileType = wrapper.framework; includeInIndex = 0; path = Pods_FlixTests.framework; sourceTree = BUILT_PRODUCTS_DIR; };
		2B1807ACE157BACBE3164D0B /* Pods-Flix.debug.xcconfig */ = {isa = PBXFileReference; includeInIndex = 1; lastKnownFileType = text.xcconfig; name = "Pods-Flix.debug.xcconfig"; path = "Target Support Files/Pods-Flix/Pods-Flix.debug.xcconfig"; sourceTree = "<group>"; };
		463B1712AA83B92E88023274 /* Pods_Flix.framework */ = {isa = PBXFileReference; explicitFileType = wrapper.framework; includeInIndex = 0; path = Pods_Flix.framework; sourceTree = BUILT_PRODUCTS_DIR; };
		78F8D9136D14E7FBAEE98064 /* Pods_FlixUITests.framework */ = {isa = PBXFileReference; explicitFileType = wrapper.framework; includeInIndex = 0; path = Pods_FlixUITests.framework; sourceTree = BUILT_PRODUCTS_DIR; };
		A6DF82B46121AAC1AC35D860 /* Pods-FlixUITests.release.xcconfig */ = {isa = PBXFileReference; includeInIndex = 1; lastKnownFileType = text.xcconfig; name = "Pods-FlixUITests.release.xcconfig"; path = "Target Support Files/Pods-FlixUITests/Pods-FlixUITests.release.xcconfig"; sourceTree = "<group>"; };
		AB02E2991E19BB9180B3F578 /* Pods-FlixTests.release.xcconfig */ = {isa = PBXFileReference; includeInIndex = 1; lastKnownFileType = text.xcconfig; name = "Pods-FlixTests.release.xcconfig"; path = "Target Support Files/Pods-FlixTests/Pods-FlixTests.release.xcconfig"; sourceTree = "<group>"; };
		C8E22A12CD547863621AB22B /* Pods-Flix.release.xcconfig */ = {isa = PBXFileReference; includeInIndex = 1; lastKnownFileType = text.xcconfig; name = "Pods-Flix.release.xcconfig"; path = "Target Support Files/Pods-Flix/Pods-Flix.release.xcconfig"; sourceTree = "<group>"; };
		D2BA72C5ED3A0B0F8448EEF4 /* Pods-FlixUITests.debug.xcconfig */ = {isa = PBXFileReference; includeInIndex = 1; lastKnownFileType = text.xcconfig; name = "Pods-FlixUITests.debug.xcconfig"; path = "Target Support Files/Pods-FlixUITests/Pods-FlixUITests.debug.xcconfig"; sourceTree = "<group>"; };
		E1112CCD24FDC78400F8CB1E /* Flix.app */ = {isa = PBXFileReference; explicitFileType = wrapper.application; includeInIndex = 0; path = Flix.app; sourceTree = BUILT_PRODUCTS_DIR; };
		E1112CD024FDC78400F8CB1E /* AppDelegate.swift */ = {isa = PBXFileReference; lastKnownFileType = sourcecode.swift; path = AppDelegate.swift; sourceTree = "<group>"; };
		E1112CD224FDC78400F8CB1E /* SceneDelegate.swift */ = {isa = PBXFileReference; lastKnownFileType = sourcecode.swift; path = SceneDelegate.swift; sourceTree = "<group>"; };
		E1112CD724FDC78400F8CB1E /* Base */ = {isa = PBXFileReference; lastKnownFileType = file.storyboard; name = Base; path = Base.lproj/Main.storyboard; sourceTree = "<group>"; };
		E1112CD924FDC78A00F8CB1E /* Assets.xcassets */ = {isa = PBXFileReference; lastKnownFileType = folder.assetcatalog; path = Assets.xcassets; sourceTree = "<group>"; };
		E1112CDC24FDC78A00F8CB1E /* Base */ = {isa = PBXFileReference; lastKnownFileType = file.storyboard; name = Base; path = Base.lproj/LaunchScreen.storyboard; sourceTree = "<group>"; };
		E1112CDE24FDC78A00F8CB1E /* Info.plist */ = {isa = PBXFileReference; lastKnownFileType = text.plist.xml; path = Info.plist; sourceTree = "<group>"; };
		E1112CE324FDC78A00F8CB1E /* FlixTests.xctest */ = {isa = PBXFileReference; explicitFileType = wrapper.cfbundle; includeInIndex = 0; path = FlixTests.xctest; sourceTree = BUILT_PRODUCTS_DIR; };
		E1112CE724FDC78A00F8CB1E /* FlixTests.swift */ = {isa = PBXFileReference; lastKnownFileType = sourcecode.swift; path = FlixTests.swift; sourceTree = "<group>"; };
		E1112CE924FDC78A00F8CB1E /* Info.plist */ = {isa = PBXFileReference; lastKnownFileType = text.plist.xml; path = Info.plist; sourceTree = "<group>"; };
		E1112CEE24FDC78A00F8CB1E /* FlixUITests.xctest */ = {isa = PBXFileReference; explicitFileType = wrapper.cfbundle; includeInIndex = 0; path = FlixUITests.xctest; sourceTree = BUILT_PRODUCTS_DIR; };
		E1112CF224FDC78A00F8CB1E /* FlixUITests.swift */ = {isa = PBXFileReference; lastKnownFileType = sourcecode.swift; path = FlixUITests.swift; sourceTree = "<group>"; };
		E1112CF424FDC78A00F8CB1E /* Info.plist */ = {isa = PBXFileReference; lastKnownFileType = text.plist.xml; path = Info.plist; sourceTree = "<group>"; };
		E1112D0024FDC9BF00F8CB1E /* MoviesViewController.swift */ = {isa = PBXFileReference; lastKnownFileType = sourcecode.swift; path = MoviesViewController.swift; sourceTree = "<group>"; };
		E1112D0224FDE02100F8CB1E /* MovieCell.swift */ = {isa = PBXFileReference; lastKnownFileType = sourcecode.swift; path = MovieCell.swift; sourceTree = "<group>"; };
		E14B92FA2507196100CB1CEE /* MovieDetailsViewController.swift */ = {isa = PBXFileReference; lastKnownFileType = sourcecode.swift; path = MovieDetailsViewController.swift; sourceTree = "<group>"; };
		E14B92FC2509A04200CB1CEE /* MovieGridViewController.swift */ = {isa = PBXFileReference; lastKnownFileType = sourcecode.swift; path = MovieGridViewController.swift; sourceTree = "<group>"; };
		E14B92FE2509AE2F00CB1CEE /* MovieGridCell.swift */ = {isa = PBXFileReference; lastKnownFileType = sourcecode.swift; path = MovieGridCell.swift; sourceTree = "<group>"; };
		EE083F4346678658C7D6D474 /* Pods-FlixTests.debug.xcconfig */ = {isa = PBXFileReference; includeInIndex = 1; lastKnownFileType = text.xcconfig; name = "Pods-FlixTests.debug.xcconfig"; path = "Target Support Files/Pods-FlixTests/Pods-FlixTests.debug.xcconfig"; sourceTree = "<group>"; };
/* End PBXFileReference section */

/* Begin PBXFrameworksBuildPhase section */
		E1112CCA24FDC78400F8CB1E /* Frameworks */ = {
			isa = PBXFrameworksBuildPhase;
			buildActionMask = 2147483647;
			files = (
				73C965654B95EEF3A7622D9A /* Pods_Flix.framework in Frameworks */,
			);
			runOnlyForDeploymentPostprocessing = 0;
		};
		E1112CE024FDC78A00F8CB1E /* Frameworks */ = {
			isa = PBXFrameworksBuildPhase;
			buildActionMask = 2147483647;
			files = (
				F7C57561452050E9E2BB9500 /* Pods_FlixTests.framework in Frameworks */,
			);
			runOnlyForDeploymentPostprocessing = 0;
		};
		E1112CEB24FDC78A00F8CB1E /* Frameworks */ = {
			isa = PBXFrameworksBuildPhase;
			buildActionMask = 2147483647;
			files = (
				721C5DCCC0416C8B7045DD35 /* Pods_FlixUITests.framework in Frameworks */,
			);
			runOnlyForDeploymentPostprocessing = 0;
		};
/* End PBXFrameworksBuildPhase section */

/* Begin PBXGroup section */
		8B4FD498D37E6935E055E51F /* Frameworks */ = {
			isa = PBXGroup;
			children = (
				463B1712AA83B92E88023274 /* Pods_Flix.framework */,
				2A8694C274C9DB3BC4E7D46D /* Pods_FlixTests.framework */,
				78F8D9136D14E7FBAEE98064 /* Pods_FlixUITests.framework */,
			);
			name = Frameworks;
			sourceTree = "<group>";
		};
		90792F08A87D3372F63E3785 /* Pods */ = {
			isa = PBXGroup;
			children = (
				2B1807ACE157BACBE3164D0B /* Pods-Flix.debug.xcconfig */,
				C8E22A12CD547863621AB22B /* Pods-Flix.release.xcconfig */,
				EE083F4346678658C7D6D474 /* Pods-FlixTests.debug.xcconfig */,
				AB02E2991E19BB9180B3F578 /* Pods-FlixTests.release.xcconfig */,
				D2BA72C5ED3A0B0F8448EEF4 /* Pods-FlixUITests.debug.xcconfig */,
				A6DF82B46121AAC1AC35D860 /* Pods-FlixUITests.release.xcconfig */,
			);
			path = Pods;
			sourceTree = "<group>";
		};
		E1112CC424FDC78400F8CB1E = {
			isa = PBXGroup;
			children = (
				E1112CCF24FDC78400F8CB1E /* Flix */,
				E1112CE624FDC78A00F8CB1E /* FlixTests */,
				E1112CF124FDC78A00F8CB1E /* FlixUITests */,
				E1112CCE24FDC78400F8CB1E /* Products */,
				90792F08A87D3372F63E3785 /* Pods */,
				8B4FD498D37E6935E055E51F /* Frameworks */,
			);
			sourceTree = "<group>";
		};
		E1112CCE24FDC78400F8CB1E /* Products */ = {
			isa = PBXGroup;
			children = (
				E1112CCD24FDC78400F8CB1E /* Flix.app */,
				E1112CE324FDC78A00F8CB1E /* FlixTests.xctest */,
				E1112CEE24FDC78A00F8CB1E /* FlixUITests.xctest */,
			);
			name = Products;
			sourceTree = "<group>";
		};
		E1112CCF24FDC78400F8CB1E /* Flix */ = {
			isa = PBXGroup;
			children = (
				E1112CD024FDC78400F8CB1E /* AppDelegate.swift */,
				E1112CD224FDC78400F8CB1E /* SceneDelegate.swift */,
				E1112CD624FDC78400F8CB1E /* Main.storyboard */,
				E1112CD924FDC78A00F8CB1E /* Assets.xcassets */,
				E1112CDB24FDC78A00F8CB1E /* LaunchScreen.storyboard */,
				E1112CDE24FDC78A00F8CB1E /* Info.plist */,
				E1112D0024FDC9BF00F8CB1E /* MoviesViewController.swift */,
				E1112D0224FDE02100F8CB1E /* MovieCell.swift */,
				E14B92FA2507196100CB1CEE /* MovieDetailsViewController.swift */,
				E14B92FC2509A04200CB1CEE /* MovieGridViewController.swift */,
				E14B92FE2509AE2F00CB1CEE /* MovieGridCell.swift */,
			);
			path = Flix;
			sourceTree = "<group>";
		};
		E1112CE624FDC78A00F8CB1E /* FlixTests */ = {
			isa = PBXGroup;
			children = (
				E1112CE724FDC78A00F8CB1E /* FlixTests.swift */,
				E1112CE924FDC78A00F8CB1E /* Info.plist */,
			);
			path = FlixTests;
			sourceTree = "<group>";
		};
		E1112CF124FDC78A00F8CB1E /* FlixUITests */ = {
			isa = PBXGroup;
			children = (
				E1112CF224FDC78A00F8CB1E /* FlixUITests.swift */,
				E1112CF424FDC78A00F8CB1E /* Info.plist */,
			);
			path = FlixUITests;
			sourceTree = "<group>";
		};
/* End PBXGroup section */

/* Begin PBXNativeTarget section */
		E1112CCC24FDC78400F8CB1E /* Flix */ = {
			isa = PBXNativeTarget;
			buildConfigurationList = E1112CF724FDC78A00F8CB1E /* Build configuration list for PBXNativeTarget "Flix" */;
			buildPhases = (
				38329EA1BFB3BC4F6BA896E7 /* [CP] Check Pods Manifest.lock */,
				E1112CC924FDC78400F8CB1E /* Sources */,
				E1112CCA24FDC78400F8CB1E /* Frameworks */,
				E1112CCB24FDC78400F8CB1E /* Resources */,
				058919E3C6DCD63969619E5E /* [CP] Embed Pods Frameworks */,
			);
			buildRules = (
			);
			dependencies = (
			);
			name = Flix;
			productName = Flix;
			productReference = E1112CCD24FDC78400F8CB1E /* Flix.app */;
			productType = "com.apple.product-type.application";
		};
		E1112CE224FDC78A00F8CB1E /* FlixTests */ = {
			isa = PBXNativeTarget;
			buildConfigurationList = E1112CFA24FDC78A00F8CB1E /* Build configuration list for PBXNativeTarget "FlixTests" */;
			buildPhases = (
				78DF2525C511F692D9B9076B /* [CP] Check Pods Manifest.lock */,
				E1112CDF24FDC78A00F8CB1E /* Sources */,
				E1112CE024FDC78A00F8CB1E /* Frameworks */,
				E1112CE124FDC78A00F8CB1E /* Resources */,
			);
			buildRules = (
			);
			dependencies = (
				E1112CE524FDC78A00F8CB1E /* PBXTargetDependency */,
			);
			name = FlixTests;
			productName = FlixTests;
			productReference = E1112CE324FDC78A00F8CB1E /* FlixTests.xctest */;
			productType = "com.apple.product-type.bundle.unit-test";
		};
		E1112CED24FDC78A00F8CB1E /* FlixUITests */ = {
			isa = PBXNativeTarget;
			buildConfigurationList = E1112CFD24FDC78A00F8CB1E /* Build configuration list for PBXNativeTarget "FlixUITests" */;
			buildPhases = (
				0E41A3DB20D9CB8BCD590461 /* [CP] Check Pods Manifest.lock */,
				E1112CEA24FDC78A00F8CB1E /* Sources */,
				E1112CEB24FDC78A00F8CB1E /* Frameworks */,
				E1112CEC24FDC78A00F8CB1E /* Resources */,
			);
			buildRules = (
			);
			dependencies = (
				E1112CF024FDC78A00F8CB1E /* PBXTargetDependency */,
			);
			name = FlixUITests;
			productName = FlixUITests;
			productReference = E1112CEE24FDC78A00F8CB1E /* FlixUITests.xctest */;
			productType = "com.apple.product-type.bundle.ui-testing";
		};
/* End PBXNativeTarget section */

/* Begin PBXProject section */
		E1112CC524FDC78400F8CB1E /* Project object */ = {
			isa = PBXProject;
			attributes = {
				LastSwiftUpdateCheck = 1160;
				LastUpgradeCheck = 1160;
				ORGANIZATIONNAME = "Phillip Lagua";
				TargetAttributes = {
					E1112CCC24FDC78400F8CB1E = {
						CreatedOnToolsVersion = 11.6;
					};
					E1112CE224FDC78A00F8CB1E = {
						CreatedOnToolsVersion = 11.6;
						TestTargetID = E1112CCC24FDC78400F8CB1E;
					};
					E1112CED24FDC78A00F8CB1E = {
						CreatedOnToolsVersion = 11.6;
						TestTargetID = E1112CCC24FDC78400F8CB1E;
					};
				};
			};
			buildConfigurationList = E1112CC824FDC78400F8CB1E /* Build configuration list for PBXProject "Flix" */;
			compatibilityVersion = "Xcode 9.3";
			developmentRegion = en;
			hasScannedForEncodings = 0;
			knownRegions = (
				en,
				Base,
			);
			mainGroup = E1112CC424FDC78400F8CB1E;
			productRefGroup = E1112CCE24FDC78400F8CB1E /* Products */;
			projectDirPath = "";
			projectRoot = "";
			targets = (
				E1112CCC24FDC78400F8CB1E /* Flix */,
				E1112CE224FDC78A00F8CB1E /* FlixTests */,
				E1112CED24FDC78A00F8CB1E /* FlixUITests */,
			);
		};
/* End PBXProject section */

/* Begin PBXResourcesBuildPhase section */
		E1112CCB24FDC78400F8CB1E /* Resources */ = {
			isa = PBXResourcesBuildPhase;
			buildActionMask = 2147483647;
			files = (
				E1112CDD24FDC78A00F8CB1E /* LaunchScreen.storyboard in Resources */,
				E1112CDA24FDC78A00F8CB1E /* Assets.xcassets in Resources */,
				E1112CD824FDC78400F8CB1E /* Main.storyboard in Resources */,
			);
			runOnlyForDeploymentPostprocessing = 0;
		};
		E1112CE124FDC78A00F8CB1E /* Resources */ = {
			isa = PBXResourcesBuildPhase;
			buildActionMask = 2147483647;
			files = (
			);
			runOnlyForDeploymentPostprocessing = 0;
		};
		E1112CEC24FDC78A00F8CB1E /* Resources */ = {
			isa = PBXResourcesBuildPhase;
			buildActionMask = 2147483647;
			files = (
			);
			runOnlyForDeploymentPostprocessing = 0;
		};
/* End PBXResourcesBuildPhase section */

/* Begin PBXShellScriptBuildPhase section */
		058919E3C6DCD63969619E5E /* [CP] Embed Pods Frameworks */ = {
			isa = PBXShellScriptBuildPhase;
			buildActionMask = 2147483647;
			files = (
			);
			inputFileListPaths = (
				"${PODS_ROOT}/Target Support Files/Pods-Flix/Pods-Flix-frameworks-${CONFIGURATION}-input-files.xcfilelist",
			);
			name = "[CP] Embed Pods Frameworks";
			outputFileListPaths = (
				"${PODS_ROOT}/Target Support Files/Pods-Flix/Pods-Flix-frameworks-${CONFIGURATION}-output-files.xcfilelist",
			);
			runOnlyForDeploymentPostprocessing = 0;
			shellPath = /bin/sh;
			shellScript = "\"${PODS_ROOT}/Target Support Files/Pods-Flix/Pods-Flix-frameworks.sh\"\n";
			showEnvVarsInLog = 0;
		};
		0E41A3DB20D9CB8BCD590461 /* [CP] Check Pods Manifest.lock */ = {
			isa = PBXShellScriptBuildPhase;
			buildActionMask = 2147483647;
			files = (
			);
			inputFileListPaths = (
			);
			inputPaths = (
				"${PODS_PODFILE_DIR_PATH}/Podfile.lock",
				"${PODS_ROOT}/Manifest.lock",
			);
			name = "[CP] Check Pods Manifest.lock";
			outputFileListPaths = (
			);
			outputPaths = (
				"$(DERIVED_FILE_DIR)/Pods-FlixUITests-checkManifestLockResult.txt",
			);
			runOnlyForDeploymentPostprocessing = 0;
			shellPath = /bin/sh;
			shellScript = "diff \"${PODS_PODFILE_DIR_PATH}/Podfile.lock\" \"${PODS_ROOT}/Manifest.lock\" > /dev/null\nif [ $? != 0 ] ; then\n    # print error to STDERR\n    echo \"error: The sandbox is not in sync with the Podfile.lock. Run 'pod install' or update your CocoaPods installation.\" >&2\n    exit 1\nfi\n# This output is used by Xcode 'outputs' to avoid re-running this script phase.\necho \"SUCCESS\" > \"${SCRIPT_OUTPUT_FILE_0}\"\n";
			showEnvVarsInLog = 0;
		};
		38329EA1BFB3BC4F6BA896E7 /* [CP] Check Pods Manifest.lock */ = {
			isa = PBXShellScriptBuildPhase;
			buildActionMask = 2147483647;
			files = (
			);
			inputFileListPaths = (
			);
			inputPaths = (
				"${PODS_PODFILE_DIR_PATH}/Podfile.lock",
				"${PODS_ROOT}/Manifest.lock",
			);
			name = "[CP] Check Pods Manifest.lock";
			outputFileListPaths = (
			);
			outputPaths = (
				"$(DERIVED_FILE_DIR)/Pods-Flix-checkManifestLockResult.txt",
			);
			runOnlyForDeploymentPostprocessing = 0;
			shellPath = /bin/sh;
			shellScript = "diff \"${PODS_PODFILE_DIR_PATH}/Podfile.lock\" \"${PODS_ROOT}/Manifest.lock\" > /dev/null\nif [ $? != 0 ] ; then\n    # print error to STDERR\n    echo \"error: The sandbox is not in sync with the Podfile.lock. Run 'pod install' or update your CocoaPods installation.\" >&2\n    exit 1\nfi\n# This output is used by Xcode 'outputs' to avoid re-running this script phase.\necho \"SUCCESS\" > \"${SCRIPT_OUTPUT_FILE_0}\"\n";
			showEnvVarsInLog = 0;
		};
		78DF2525C511F692D9B9076B /* [CP] Check Pods Manifest.lock */ = {
			isa = PBXShellScriptBuildPhase;
			buildActionMask = 2147483647;
			files = (
			);
			inputFileListPaths = (
			);
			inputPaths = (
				"${PODS_PODFILE_DIR_PATH}/Podfile.lock",
				"${PODS_ROOT}/Manifest.lock",
			);
			name = "[CP] Check Pods Manifest.lock";
			outputFileListPaths = (
			);
			outputPaths = (
				"$(DERIVED_FILE_DIR)/Pods-FlixTests-checkManifestLockResult.txt",
			);
			runOnlyForDeploymentPostprocessing = 0;
			shellPath = /bin/sh;
			shellScript = "diff \"${PODS_PODFILE_DIR_PATH}/Podfile.lock\" \"${PODS_ROOT}/Manifest.lock\" > /dev/null\nif [ $? != 0 ] ; then\n    # print error to STDERR\n    echo \"error: The sandbox is not in sync with the Podfile.lock. Run 'pod install' or update your CocoaPods installation.\" >&2\n    exit 1\nfi\n# This output is used by Xcode 'outputs' to avoid re-running this script phase.\necho \"SUCCESS\" > \"${SCRIPT_OUTPUT_FILE_0}\"\n";
			showEnvVarsInLog = 0;
		};
/* End PBXShellScriptBuildPhase section */

/* Begin PBXSourcesBuildPhase section */
		E1112CC924FDC78400F8CB1E /* Sources */ = {
			isa = PBXSourcesBuildPhase;
			buildActionMask = 2147483647;
			files = (
				E14B92FB2507196100CB1CEE /* MovieDetailsViewController.swift in Sources */,
				E1112CD124FDC78400F8CB1E /* AppDelegate.swift in Sources */,
				E1112CD324FDC78400F8CB1E /* SceneDelegate.swift in Sources */,
				E1112D0324FDE02100F8CB1E /* MovieCell.swift in Sources */,
				E1112D0124FDC9BF00F8CB1E /* MoviesViewController.swift in Sources */,
				E14B92FD2509A04300CB1CEE /* MovieGridViewController.swift in Sources */,
				E14B92FF2509AE2F00CB1CEE /* MovieGridCell.swift in Sources */,
			);
			runOnlyForDeploymentPostprocessing = 0;
		};
		E1112CDF24FDC78A00F8CB1E /* Sources */ = {
			isa = PBXSourcesBuildPhase;
			buildActionMask = 2147483647;
			files = (
				E1112CE824FDC78A00F8CB1E /* FlixTests.swift in Sources */,
			);
			runOnlyForDeploymentPostprocessing = 0;
		};
		E1112CEA24FDC78A00F8CB1E /* Sources */ = {
			isa = PBXSourcesBuildPhase;
			buildActionMask = 2147483647;
			files = (
				E1112CF324FDC78A00F8CB1E /* FlixUITests.swift in Sources */,
			);
			runOnlyForDeploymentPostprocessing = 0;
		};
/* End PBXSourcesBuildPhase section */

/* Begin PBXTargetDependency section */
		E1112CE524FDC78A00F8CB1E /* PBXTargetDependency */ = {
			isa = PBXTargetDependency;
			target = E1112CCC24FDC78400F8CB1E /* Flix */;
			targetProxy = E1112CE424FDC78A00F8CB1E /* PBXContainerItemProxy */;
		};
		E1112CF024FDC78A00F8CB1E /* PBXTargetDependency */ = {
			isa = PBXTargetDependency;
			target = E1112CCC24FDC78400F8CB1E /* Flix */;
			targetProxy = E1112CEF24FDC78A00F8CB1E /* PBXContainerItemProxy */;
		};
/* End PBXTargetDependency section */

/* Begin PBXVariantGroup section */
		E1112CD624FDC78400F8CB1E /* Main.storyboard */ = {
			isa = PBXVariantGroup;
			children = (
				E1112CD724FDC78400F8CB1E /* Base */,
			);
			name = Main.storyboard;
			sourceTree = "<group>";
		};
		E1112CDB24FDC78A00F8CB1E /* LaunchScreen.storyboard */ = {
			isa = PBXVariantGroup;
			children = (
				E1112CDC24FDC78A00F8CB1E /* Base */,
			);
			name = LaunchScreen.storyboard;
			sourceTree = "<group>";
		};
/* End PBXVariantGroup section */

/* Begin XCBuildConfiguration section */
		E1112CF524FDC78A00F8CB1E /* Debug */ = {
			isa = XCBuildConfiguration;
			buildSettings = {
				ALWAYS_SEARCH_USER_PATHS = NO;
				CLANG_ANALYZER_NONNULL = YES;
				CLANG_ANALYZER_NUMBER_OBJECT_CONVERSION = YES_AGGRESSIVE;
				CLANG_CXX_LANGUAGE_STANDARD = "gnu++14";
				CLANG_CXX_LIBRARY = "libc++";
				CLANG_ENABLE_MODULES = YES;
				CLANG_ENABLE_OBJC_ARC = YES;
				CLANG_ENABLE_OBJC_WEAK = YES;
				CLANG_WARN_BLOCK_CAPTURE_AUTORELEASING = YES;
				CLANG_WARN_BOOL_CONVERSION = YES;
				CLANG_WARN_COMMA = YES;
				CLANG_WARN_CONSTANT_CONVERSION = YES;
				CLANG_WARN_DEPRECATED_OBJC_IMPLEMENTATIONS = YES;
				CLANG_WARN_DIRECT_OBJC_ISA_USAGE = YES_ERROR;
				CLANG_WARN_DOCUMENTATION_COMMENTS = YES;
				CLANG_WARN_EMPTY_BODY = YES;
				CLANG_WARN_ENUM_CONVERSION = YES;
				CLANG_WARN_INFINITE_RECURSION = YES;
				CLANG_WARN_INT_CONVERSION = YES;
				CLANG_WARN_NON_LITERAL_NULL_CONVERSION = YES;
				CLANG_WARN_OBJC_IMPLICIT_RETAIN_SELF = YES;
				CLANG_WARN_OBJC_LITERAL_CONVERSION = YES;
				CLANG_WARN_OBJC_ROOT_CLASS = YES_ERROR;
				CLANG_WARN_RANGE_LOOP_ANALYSIS = YES;
				CLANG_WARN_STRICT_PROTOTYPES = YES;
				CLANG_WARN_SUSPICIOUS_MOVE = YES;
				CLANG_WARN_UNGUARDED_AVAILABILITY = YES_AGGRESSIVE;
				CLANG_WARN_UNREACHABLE_CODE = YES;
				CLANG_WARN__DUPLICATE_METHOD_MATCH = YES;
				COPY_PHASE_STRIP = NO;
				DEBUG_INFORMATION_FORMAT = dwarf;
				ENABLE_STRICT_OBJC_MSGSEND = YES;
				ENABLE_TESTABILITY = YES;
				GCC_C_LANGUAGE_STANDARD = gnu11;
				GCC_DYNAMIC_NO_PIC = NO;
				GCC_NO_COMMON_BLOCKS = YES;
				GCC_OPTIMIZATION_LEVEL = 0;
				GCC_PREPROCESSOR_DEFINITIONS = (
					"DEBUG=1",
					"$(inherited)",
				);
				GCC_WARN_64_TO_32_BIT_CONVERSION = YES;
				GCC_WARN_ABOUT_RETURN_TYPE = YES_ERROR;
				GCC_WARN_UNDECLARED_SELECTOR = YES;
				GCC_WARN_UNINITIALIZED_AUTOS = YES_AGGRESSIVE;
				GCC_WARN_UNUSED_FUNCTION = YES;
				GCC_WARN_UNUSED_VARIABLE = YES;
				IPHONEOS_DEPLOYMENT_TARGET = 13.6;
				MTL_ENABLE_DEBUG_INFO = INCLUDE_SOURCE;
				MTL_FAST_MATH = YES;
				ONLY_ACTIVE_ARCH = YES;
				SDKROOT = iphoneos;
				SWIFT_ACTIVE_COMPILATION_CONDITIONS = DEBUG;
				SWIFT_OPTIMIZATION_LEVEL = "-Onone";
			};
			name = Debug;
		};
		E1112CF624FDC78A00F8CB1E /* Release */ = {
			isa = XCBuildConfiguration;
			buildSettings = {
				ALWAYS_SEARCH_USER_PATHS = NO;
				CLANG_ANALYZER_NONNULL = YES;
				CLANG_ANALYZER_NUMBER_OBJECT_CONVERSION = YES_AGGRESSIVE;
				CLANG_CXX_LANGUAGE_STANDARD = "gnu++14";
				CLANG_CXX_LIBRARY = "libc++";
				CLANG_ENABLE_MODULES = YES;
				CLANG_ENABLE_OBJC_ARC = YES;
				CLANG_ENABLE_OBJC_WEAK = YES;
				CLANG_WARN_BLOCK_CAPTURE_AUTORELEASING = YES;
				CLANG_WARN_BOOL_CONVERSION = YES;
				CLANG_WARN_COMMA = YES;
				CLANG_WARN_CONSTANT_CONVERSION = YES;
				CLANG_WARN_DEPRECATED_OBJC_IMPLEMENTATIONS = YES;
				CLANG_WARN_DIRECT_OBJC_ISA_USAGE = YES_ERROR;
				CLANG_WARN_DOCUMENTATION_COMMENTS = YES;
				CLANG_WARN_EMPTY_BODY = YES;
				CLANG_WARN_ENUM_CONVERSION = YES;
				CLANG_WARN_INFINITE_RECURSION = YES;
				CLANG_WARN_INT_CONVERSION = YES;
				CLANG_WARN_NON_LITERAL_NULL_CONVERSION = YES;
				CLANG_WARN_OBJC_IMPLICIT_RETAIN_SELF = YES;
				CLANG_WARN_OBJC_LITERAL_CONVERSION = YES;
				CLANG_WARN_OBJC_ROOT_CLASS = YES_ERROR;
				CLANG_WARN_RANGE_LOOP_ANALYSIS = YES;
				CLANG_WARN_STRICT_PROTOTYPES = YES;
				CLANG_WARN_SUSPICIOUS_MOVE = YES;
				CLANG_WARN_UNGUARDED_AVAILABILITY = YES_AGGRESSIVE;
				CLANG_WARN_UNREACHABLE_CODE = YES;
				CLANG_WARN__DUPLICATE_METHOD_MATCH = YES;
				COPY_PHASE_STRIP = NO;
				DEBUG_INFORMATION_FORMAT = "dwarf-with-dsym";
				ENABLE_NS_ASSERTIONS = NO;
				ENABLE_STRICT_OBJC_MSGSEND = YES;
				GCC_C_LANGUAGE_STANDARD = gnu11;
				GCC_NO_COMMON_BLOCKS = YES;
				GCC_WARN_64_TO_32_BIT_CONVERSION = YES;
				GCC_WARN_ABOUT_RETURN_TYPE = YES_ERROR;
				GCC_WARN_UNDECLARED_SELECTOR = YES;
				GCC_WARN_UNINITIALIZED_AUTOS = YES_AGGRESSIVE;
				GCC_WARN_UNUSED_FUNCTION = YES;
				GCC_WARN_UNUSED_VARIABLE = YES;
				IPHONEOS_DEPLOYMENT_TARGET = 13.6;
				MTL_ENABLE_DEBUG_INFO = NO;
				MTL_FAST_MATH = YES;
				SDKROOT = iphoneos;
				SWIFT_COMPILATION_MODE = wholemodule;
				SWIFT_OPTIMIZATION_LEVEL = "-O";
				VALIDATE_PRODUCT = YES;
			};
			name = Release;
		};
		E1112CF824FDC78A00F8CB1E /* Debug */ = {
			isa = XCBuildConfiguration;
			baseConfigurationReference = 2B1807ACE157BACBE3164D0B /* Pods-Flix.debug.xcconfig */;
			buildSettings = {
				ASSETCATALOG_COMPILER_APPICON_NAME = AppIcon;
				CODE_SIGN_STYLE = Automatic;
				DEVELOPMENT_TEAM = 4B5RKA73YJ;
				INFOPLIST_FILE = Flix/Info.plist;
				LD_RUNPATH_SEARCH_PATHS = (
					"$(inherited)",
					"@executable_path/Frameworks",
				);
				PRODUCT_BUNDLE_IDENTIFIER = Lagua.Flix;
				PRODUCT_NAME = "$(TARGET_NAME)";
				SWIFT_VERSION = 5.0;
				TARGETED_DEVICE_FAMILY = "1,2";
			};
			name = Debug;
		};
		E1112CF924FDC78A00F8CB1E /* Release */ = {
			isa = XCBuildConfiguration;
			baseConfigurationReference = C8E22A12CD547863621AB22B /* Pods-Flix.release.xcconfig */;
			buildSettings = {
				ASSETCATALOG_COMPILER_APPICON_NAME = AppIcon;
				CODE_SIGN_STYLE = Automatic;
				DEVELOPMENT_TEAM = 4B5RKA73YJ;
				INFOPLIST_FILE = Flix/Info.plist;
				LD_RUNPATH_SEARCH_PATHS = (
					"$(inherited)",
					"@executable_path/Frameworks",
				);
				PRODUCT_BUNDLE_IDENTIFIER = Lagua.Flix;
				PRODUCT_NAME = "$(TARGET_NAME)";
				SWIFT_VERSION = 5.0;
				TARGETED_DEVICE_FAMILY = "1,2";
			};
			name = Release;
		};
		E1112CFB24FDC78A00F8CB1E /* Debug */ = {
			isa = XCBuildConfiguration;
			baseConfigurationReference = EE083F4346678658C7D6D474 /* Pods-FlixTests.debug.xcconfig */;
			buildSettings = {
				ALWAYS_EMBED_SWIFT_STANDARD_LIBRARIES = YES;
				BUNDLE_LOADER = "$(TEST_HOST)";
				CODE_SIGN_STYLE = Automatic;
				DEVELOPMENT_TEAM = 4B5RKA73YJ;
				INFOPLIST_FILE = FlixTests/Info.plist;
				IPHONEOS_DEPLOYMENT_TARGET = 13.6;
				LD_RUNPATH_SEARCH_PATHS = (
					"$(inherited)",
					"@executable_path/Frameworks",
					"@loader_path/Frameworks",
				);
				PRODUCT_BUNDLE_IDENTIFIER = Lagua.FlixTests;
				PRODUCT_NAME = "$(TARGET_NAME)";
				SWIFT_VERSION = 5.0;
				TARGETED_DEVICE_FAMILY = "1,2";
				TEST_HOST = "$(BUILT_PRODUCTS_DIR)/Flix.app/Flix";
			};
			name = Debug;
		};
		E1112CFC24FDC78A00F8CB1E /* Release */ = {
			isa = XCBuildConfiguration;
			baseConfigurationReference = AB02E2991E19BB9180B3F578 /* Pods-FlixTests.release.xcconfig */;
			buildSettings = {
				ALWAYS_EMBED_SWIFT_STANDARD_LIBRARIES = YES;
				BUNDLE_LOADER = "$(TEST_HOST)";
				CODE_SIGN_STYLE = Automatic;
				DEVELOPMENT_TEAM = 4B5RKA73YJ;
				INFOPLIST_FILE = FlixTests/Info.plist;
				IPHONEOS_DEPLOYMENT_TARGET = 13.6;
				LD_RUNPATH_SEARCH_PATHS = (
					"$(inherited)",
					"@executable_path/Frameworks",
					"@loader_path/Frameworks",
				);
				PRODUCT_BUNDLE_IDENTIFIER = Lagua.FlixTests;
				PRODUCT_NAME = "$(TARGET_NAME)";
				SWIFT_VERSION = 5.0;
				TARGETED_DEVICE_FAMILY = "1,2";
				TEST_HOST = "$(BUILT_PRODUCTS_DIR)/Flix.app/Flix";
			};
			name = Release;
		};
		E1112CFE24FDC78A00F8CB1E /* Debug */ = {
			isa = XCBuildConfiguration;
			baseConfigurationReference = D2BA72C5ED3A0B0F8448EEF4 /* Pods-FlixUITests.debug.xcconfig */;
			buildSettings = {
				ALWAYS_EMBED_SWIFT_STANDARD_LIBRARIES = YES;
				CODE_SIGN_STYLE = Automatic;
				DEVELOPMENT_TEAM = 4B5RKA73YJ;
				INFOPLIST_FILE = FlixUITests/Info.plist;
				LD_RUNPATH_SEARCH_PATHS = (
					"$(inherited)",
					"@executable_path/Frameworks",
					"@loader_path/Frameworks",
				);
				PRODUCT_BUNDLE_IDENTIFIER = Lagua.FlixUITests;
				PRODUCT_NAME = "$(TARGET_NAME)";
				SWIFT_VERSION = 5.0;
				TARGETED_DEVICE_FAMILY = "1,2";
				TEST_TARGET_NAME = Flix;
			};
			name = Debug;
		};
		E1112CFF24FDC78A00F8CB1E /* Release */ = {
			isa = XCBuildConfiguration;
			baseConfigurationReference = A6DF82B46121AAC1AC35D860 /* Pods-FlixUITests.release.xcconfig */;
			buildSettings = {
				ALWAYS_EMBED_SWIFT_STANDARD_LIBRARIES = YES;
				CODE_SIGN_STYLE = Automatic;
				DEVELOPMENT_TEAM = 4B5RKA73YJ;
				INFOPLIST_FILE = FlixUITests/Info.plist;
				LD_RUNPATH_SEARCH_PATHS = (
					"$(inherited)",
					"@executable_path/Frameworks",
					"@loader_path/Frameworks",
				);
				PRODUCT_BUNDLE_IDENTIFIER = Lagua.FlixUITests;
				PRODUCT_NAME = "$(TARGET_NAME)";
				SWIFT_VERSION = 5.0;
				TARGETED_DEVICE_FAMILY = "1,2";
				TEST_TARGET_NAME = Flix;
			};
			name = Release;
		};
/* End XCBuildConfiguration section */

/* Begin XCConfigurationList section */
		E1112CC824FDC78400F8CB1E /* Build configuration list for PBXProject "Flix" */ = {
			isa = XCConfigurationList;
			buildConfigurations = (
				E1112CF524FDC78A00F8CB1E /* Debug */,
				E1112CF624FDC78A00F8CB1E /* Release */,
			);
			defaultConfigurationIsVisible = 0;
			defaultConfigurationName = Release;
		};
		E1112CF724FDC78A00F8CB1E /* Build configuration list for PBXNativeTarget "Flix" */ = {
			isa = XCConfigurationList;
			buildConfigurations = (
				E1112CF824FDC78A00F8CB1E /* Debug */,
				E1112CF924FDC78A00F8CB1E /* Release */,
			);
			defaultConfigurationIsVisible = 0;
			defaultConfigurationName = Release;
		};
		E1112CFA24FDC78A00F8CB1E /* Build configuration list for PBXNativeTarget "FlixTests" */ = {
			isa = XCConfigurationList;
			buildConfigurations = (
				E1112CFB24FDC78A00F8CB1E /* Debug */,
				E1112CFC24FDC78A00F8CB1E /* Release */,
			);
			defaultConfigurationIsVisible = 0;
			defaultConfigurationName = Release;
		};
		E1112CFD24FDC78A00F8CB1E /* Build configuration list for PBXNativeTarget "FlixUITests" */ = {
			isa = XCConfigurationList;
			buildConfigurations = (
				E1112CFE24FDC78A00F8CB1E /* Debug */,
				E1112CFF24FDC78A00F8CB1E /* Release */,
			);
			defaultConfigurationIsVisible = 0;
			defaultConfigurationName = Release;
		};
/* End XCConfigurationList section */
	};
	rootObject = E1112CC524FDC78400F8CB1E /* Project object */;
}
